// !$*UTF8*$!
{
	archiveVersion = 1;
	classes = {
	};
	objectVersion = 46;
	objects = {

/* Begin PBXBuildFile section */
		AB6F2C5F1BD2CC7F00A819F7 /* AppDelegate.swift in Sources */ = {isa = PBXBuildFile; fileRef = AB6F2C5E1BD2CC7F00A819F7 /* AppDelegate.swift */; };
		AB6F2C611BD2CC7F00A819F7 /* ViewController.swift in Sources */ = {isa = PBXBuildFile; fileRef = AB6F2C601BD2CC7F00A819F7 /* ViewController.swift */; };
		AB6F2C641BD2CC7F00A819F7 /* Main.storyboard in Resources */ = {isa = PBXBuildFile; fileRef = AB6F2C621BD2CC7F00A819F7 /* Main.storyboard */; };
		AB6F2C661BD2CC7F00A819F7 /* Images.xcassets in Resources */ = {isa = PBXBuildFile; fileRef = AB6F2C651BD2CC7F00A819F7 /* Images.xcassets */; };
		AB6F2C691BD2CC7F00A819F7 /* LaunchScreen.xib in Resources */ = {isa = PBXBuildFile; fileRef = AB6F2C671BD2CC7F00A819F7 /* LaunchScreen.xib */; };
		AB6F2C751BD2CC8000A819F7 /* GoogleHackathonTests.swift in Sources */ = {isa = PBXBuildFile; fileRef = AB6F2C741BD2CC8000A819F7 /* GoogleHackathonTests.swift */; };
/* End PBXBuildFile section */

/* Begin PBXContainerItemProxy section */
		AB6F2C6F1BD2CC8000A819F7 /* PBXContainerItemProxy */ = {
			isa = PBXContainerItemProxy;
			containerPortal = AB6F2C511BD2CC7F00A819F7 /* Project object */;
			proxyType = 1;
			remoteGlobalIDString = AB6F2C581BD2CC7F00A819F7;
			remoteInfo = GoogleHackathon;
		};
/* End PBXContainerItemProxy section */

/* Begin PBXFileReference section */
		AB6F2C591BD2CC7F00A819F7 /* GoogleHackathon.app */ = {isa = PBXFileReference; explicitFileType = wrapper.application; includeInIndex = 0; path = GoogleHackathon.app; sourceTree = BUILT_PRODUCTS_DIR; };
		AB6F2C5D1BD2CC7F00A819F7 /* Info.plist */ = {isa = PBXFileReference; lastKnownFileType = text.plist.xml; path = Info.plist; sourceTree = "<group>"; };
		AB6F2C5E1BD2CC7F00A819F7 /* AppDelegate.swift */ = {isa = PBXFileReference; lastKnownFileType = sourcecode.swift; path = AppDelegate.swift; sourceTree = "<group>"; };
		AB6F2C601BD2CC7F00A819F7 /* ViewController.swift */ = {isa = PBXFileReference; lastKnownFileType = sourcecode.swift; path = ViewController.swift; sourceTree = "<group>"; };
		AB6F2C631BD2CC7F00A819F7 /* Base */ = {isa = PBXFileReference; lastKnownFileType = file.storyboard; name = Base; path = Base.lproj/Main.storyboard; sourceTree = "<group>"; };
		AB6F2C651BD2CC7F00A819F7 /* Images.xcassets */ = {isa = PBXFileReference; lastKnownFileType = folder.assetcatalog; path = Images.xcassets; sourceTree = "<group>"; };
		AB6F2C681BD2CC7F00A819F7 /* Base */ = {isa = PBXFileReference; lastKnownFileType = file.xib; name = Base; path = Base.lproj/LaunchScreen.xib; sourceTree = "<group>"; };
		AB6F2C6E1BD2CC8000A819F7 /* GoogleHackathonTests.xctest */ = {isa = PBXFileReference; explicitFileType = wrapper.cfbundle; includeInIndex = 0; path = GoogleHackathonTests.xctest; sourceTree = BUILT_PRODUCTS_DIR; };
		AB6F2C731BD2CC8000A819F7 /* Info.plist */ = {isa = PBXFileReference; lastKnownFileType = text.plist.xml; path = Info.plist; sourceTree = "<group>"; };
		AB6F2C741BD2CC8000A819F7 /* GoogleHackathonTests.swift */ = {isa = PBXFileReference; lastKnownFileType = sourcecode.swift; path = GoogleHackathonTests.swift; sourceTree = "<group>"; };
/* End PBXFileReference section */

/* Begin PBXFrameworksBuildPhase section */
		AB6F2C561BD2CC7F00A819F7 /* Frameworks */ = {
			isa = PBXFrameworksBuildPhase;
			buildActionMask = 2147483647;
			files = (
			);
			runOnlyForDeploymentPostprocessing = 0;
		};
		AB6F2C6B1BD2CC8000A819F7 /* Frameworks */ = {
			isa = PBXFrameworksBuildPhase;
			buildActionMask = 2147483647;
			files = (
			);
			runOnlyForDeploymentPostprocessing = 0;
		};
/* End PBXFrameworksBuildPhase section */

/* Begin PBXGroup section */
		AB6F2C501BD2CC7F00A819F7 = {
			isa = PBXGroup;
			children = (
				AB6F2C5B1BD2CC7F00A819F7 /* GoogleHackathon */,
				AB6F2C711BD2CC8000A819F7 /* GoogleHackathonTests */,
				AB6F2C5A1BD2CC7F00A819F7 /* Products */,
			);
			sourceTree = "<group>";
		};
		AB6F2C5A1BD2CC7F00A819F7 /* Products */ = {
			isa = PBXGroup;
			children = (
				AB6F2C591BD2CC7F00A819F7 /* GoogleHackathon.app */,
				AB6F2C6E1BD2CC8000A819F7 /* GoogleHackathonTests.xctest */,
			);
			name = Products;
			sourceTree = "<group>";
		};
		AB6F2C5B1BD2CC7F00A819F7 /* GoogleHackathon */ = {
			isa = PBXGroup;
			children = (
				AB6F2C5E1BD2CC7F00A819F7 /* AppDelegate.swift */,
				AB6F2C601BD2CC7F00A819F7 /* ViewController.swift */,
				AB6F2C621BD2CC7F00A819F7 /* Main.storyboard */,
				AB6F2C651BD2CC7F00A819F7 /* Images.xcassets */,
				AB6F2C671BD2CC7F00A819F7 /* LaunchScreen.xib */,
				AB6F2C5C1BD2CC7F00A819F7 /* Supporting Files */,
			);
			path = GoogleHackathon;
			sourceTree = "<group>";
		};
		AB6F2C5C1BD2CC7F00A819F7 /* Supporting Files */ = {
			isa = PBXGroup;
			children = (
				AB6F2C5D1BD2CC7F00A819F7 /* Info.plist */,
			);
			name = "Supporting Files";
			sourceTree = "<group>";
		};
		AB6F2C711BD2CC8000A819F7 /* GoogleHackathonTests */ = {
			isa = PBXGroup;
			children = (
				AB6F2C741BD2CC8000A819F7 /* GoogleHackathonTests.swift */,
				AB6F2C721BD2CC8000A819F7 /* Supporting Files */,
			);
			path = GoogleHackathonTests;
			sourceTree = "<group>";
		};
		AB6F2C721BD2CC8000A819F7 /* Supporting Files */ = {
			isa = PBXGroup;
			children = (
				AB6F2C731BD2CC8000A819F7 /* Info.plist */,
			);
			name = "Supporting Files";
			sourceTree = "<group>";
		};
/* End PBXGroup section */

/* Begin PBXNativeTarget section */
		AB6F2C581BD2CC7F00A819F7 /* GoogleHackathon */ = {
			isa = PBXNativeTarget;
			buildConfigurationList = AB6F2C781BD2CC8000A819F7 /* Build configuration list for PBXNativeTarget "GoogleHackathon" */;
			buildPhases = (
				AB6F2C551BD2CC7F00A819F7 /* Sources */,
				AB6F2C561BD2CC7F00A819F7 /* Frameworks */,
				AB6F2C571BD2CC7F00A819F7 /* Resources */,
			);
			buildRules = (
			);
			dependencies = (
			);
			name = GoogleHackathon;
			productName = GoogleHackathon;
			productReference = AB6F2C591BD2CC7F00A819F7 /* GoogleHackathon.app */;
			productType = "com.apple.product-type.application";
		};
		AB6F2C6D1BD2CC8000A819F7 /* GoogleHackathonTests */ = {
			isa = PBXNativeTarget;
			buildConfigurationList = AB6F2C7B1BD2CC8000A819F7 /* Build configuration list for PBXNativeTarget "GoogleHackathonTests" */;
			buildPhases = (
				AB6F2C6A1BD2CC8000A819F7 /* Sources */,
				AB6F2C6B1BD2CC8000A819F7 /* Frameworks */,
				AB6F2C6C1BD2CC8000A819F7 /* Resources */,
			);
			buildRules = (
			);
			dependencies = (
				AB6F2C701BD2CC8000A819F7 /* PBXTargetDependency */,
			);
			name = GoogleHackathonTests;
			productName = GoogleHackathonTests;
			productReference = AB6F2C6E1BD2CC8000A819F7 /* GoogleHackathonTests.xctest */;
			productType = "com.apple.product-type.bundle.unit-test";
		};
/* End PBXNativeTarget section */

/* Begin PBXProject section */
		AB6F2C511BD2CC7F00A819F7 /* Project object */ = {
			isa = PBXProject;
			attributes = {
				LastUpgradeCheck = 0640;
				ORGANIZATIONNAME = "Tuan Nguyen";
				TargetAttributes = {
					AB6F2C581BD2CC7F00A819F7 = {
						CreatedOnToolsVersion = 6.4;
					};
					AB6F2C6D1BD2CC8000A819F7 = {
						CreatedOnToolsVersion = 6.4;
						TestTargetID = AB6F2C581BD2CC7F00A819F7;
					};
				};
			};
			buildConfigurationList = AB6F2C541BD2CC7F00A819F7 /* Build configuration list for PBXProject "GoogleHackathon" */;
			compatibilityVersion = "Xcode 3.2";
			developmentRegion = English;
			hasScannedForEncodings = 0;
			knownRegions = (
				en,
				Base,
			);
			mainGroup = AB6F2C501BD2CC7F00A819F7;
			productRefGroup = AB6F2C5A1BD2CC7F00A819F7 /* Products */;
			projectDirPath = "";
			projectRoot = "";
			targets = (
				AB6F2C581BD2CC7F00A819F7 /* GoogleHackathon */,
				AB6F2C6D1BD2CC8000A819F7 /* GoogleHackathonTests */,
			);
		};
/* End PBXProject section */

/* Begin PBXResourcesBuildPhase section */
		AB6F2C571BD2CC7F00A819F7 /* Resources */ = {
			isa = PBXResourcesBuildPhase;
			buildActionMask = 2147483647;
			files = (
				AB6F2C641BD2CC7F00A819F7 /* Main.storyboard in Resources */,
				AB6F2C691BD2CC7F00A819F7 /* LaunchScreen.xib in Resources */,
				AB6F2C661BD2CC7F00A819F7 /* Images.xcassets in Resources */,
			);
			runOnlyForDeploymentPostprocessing = 0;
		};
		AB6F2C6C1BD2CC8000A819F7 /* Resources */ = {
			isa = PBXResourcesBuildPhase;
			buildActionMask = 2147483647;
			files = (
			);
			runOnlyForDeploymentPostprocessing = 0;
		};
/* End PBXResourcesBuildPhase section */

/* Begin PBXSourcesBuildPhase section */
		AB6F2C551BD2CC7F00A819F7 /* Sources */ = {
			isa = PBXSourcesBuildPhase;
			buildActionMask = 2147483647;
			files = (
				AB6F2C611BD2CC7F00A819F7 /* ViewController.swift in Sources */,
				AB6F2C5F1BD2CC7F00A819F7 /* AppDelegate.swift in Sources */,
			);
			runOnlyForDeploymentPostprocessing = 0;
		};
		AB6F2C6A1BD2CC8000A819F7 /* Sources */ = {
			isa = PBXSourcesBuildPhase;
			buildActionMask = 2147483647;
			files = (
				AB6F2C751BD2CC8000A819F7 /* GoogleHackathonTests.swift in Sources */,
			);
			runOnlyForDeploymentPostprocessing = 0;
		};
/* End PBXSourcesBuildPhase section */

/* Begin PBXTargetDependency section */
		AB6F2C701BD2CC8000A819F7 /* PBXTargetDependency */ = {
			isa = PBXTargetDependency;
			target = AB6F2C581BD2CC7F00A819F7 /* GoogleHackathon */;
			targetProxy = AB6F2C6F1BD2CC8000A819F7 /* PBXContainerItemProxy */;
		};
/* End PBXTargetDependency section */

/* Begin PBXVariantGroup section */
		AB6F2C621BD2CC7F00A819F7 /* Main.storyboard */ = {
			isa = PBXVariantGroup;
			children = (
				AB6F2C631BD2CC7F00A819F7 /* Base */,
			);
			name = Main.storyboard;
			sourceTree = "<group>";
		};
		AB6F2C671BD2CC7F00A819F7 /* LaunchScreen.xib */ = {
			isa = PBXVariantGroup;
			children = (
				AB6F2C681BD2CC7F00A819F7 /* Base */,
			);
			name = LaunchScreen.xib;
			sourceTree = "<group>";
		};
/* End PBXVariantGroup section */

/* Begin XCBuildConfiguration section */
		AB6F2C761BD2CC8000A819F7 /* Debug */ = {
			isa = XCBuildConfiguration;
			buildSettings = {
				ALWAYS_SEARCH_USER_PATHS = NO;
				CLANG_CXX_LANGUAGE_STANDARD = "gnu++0x";
				CLANG_CXX_LIBRARY = "libc++";
				CLANG_ENABLE_MODULES = YES;
				CLANG_ENABLE_OBJC_ARC = YES;
				CLANG_WARN_BOOL_CONVERSION = YES;
				CLANG_WARN_CONSTANT_CONVERSION = YES;
				CLANG_WARN_DIRECT_OBJC_ISA_USAGE = YES_ERROR;
				CLANG_WARN_EMPTY_BODY = YES;
				CLANG_WARN_ENUM_CONVERSION = YES;
				CLANG_WARN_INT_CONVERSION = YES;
				CLANG_WARN_OBJC_ROOT_CLASS = YES_ERROR;
				CLANG_WARN_UNREACHABLE_CODE = YES;
				CLANG_WARN__DUPLICATE_METHOD_MATCH = YES;
				"CODE_SIGN_IDENTITY[sdk=iphoneos*]" = "iPhone Developer";
				COPY_PHASE_STRIP = NO;
				DEBUG_INFORMATION_FORMAT = "dwarf-with-dsym";
				ENABLE_STRICT_OBJC_MSGSEND = YES;
				GCC_C_LANGUAGE_STANDARD = gnu99;
				GCC_DYNAMIC_NO_PIC = NO;
				GCC_NO_COMMON_BLOCKS = YES;
				GCC_OPTIMIZATION_LEVEL = 0;
				GCC_PREPROCESSOR_DEFINITIONS = (
					"DEBUG=1",
					"$(inherited)",
				);
				GCC_SYMBOLS_PRIVATE_EXTERN = NO;
				GCC_WARN_64_TO_32_BIT_CONVERSION = YES;
				GCC_WARN_ABOUT_RETURN_TYPE = YES_ERROR;
				GCC_WARN_UNDECLARED_SELECTOR = YES;
				GCC_WARN_UNINITIALIZED_AUTOS = YES_AGGRESSIVE;
				GCC_WARN_UNUSED_FUNCTION = YES;
				GCC_WARN_UNUSED_VARIABLE = YES;
				IPHONEOS_DEPLOYMENT_TARGET = 8.4;
				MTL_ENABLE_DEBUG_INFO = YES;
				ONLY_ACTIVE_ARCH = YES;
				SDKROOT = iphoneos;
				SWIFT_OPTIMIZATION_LEVEL = "-Onone";
			};
			name = Debug;
		};
		AB6F2C771BD2CC8000A819F7 /* Release */ = {
			isa = XCBuildConfiguration;
			buildSettings = {
				ALWAYS_SEARCH_USER_PATHS = NO;
				CLANG_CXX_LANGUAGE_STANDARD = "gnu++0x";
				CLANG_CXX_LIBRARY = "libc++";
				CLANG_ENABLE_MODULES = YES;
				CLANG_ENABLE_OBJC_ARC = YES;
				CLANG_WARN_BOOL_CONVERSION = YES;
				CLANG_WARN_CONSTANT_CONVERSION = YES;
				CLANG_WARN_DIRECT_OBJC_ISA_USAGE = YES_ERROR;
				CLANG_WARN_EMPTY_BODY = YES;
				CLANG_WARN_ENUM_CONVERSION = YES;
				CLANG_WARN_INT_CONVERSION = YES;
				CLANG_WARN_OBJC_ROOT_CLASS = YES_ERROR;
				CLANG_WARN_UNREACHABLE_CODE = YES;
				CLANG_WARN__DUPLICATE_METHOD_MATCH = YES;
				"CODE_SIGN_IDENTITY[sdk=iphoneos*]" = "iPhone Developer";
				COPY_PHASE_STRIP = NO;
				DEBUG_INFORMATION_FORMAT = "dwarf-with-dsym";
				ENABLE_NS_ASSERTIONS = NO;
				ENABLE_STRICT_OBJC_MSGSEND = YES;
				GCC_C_LANGUAGE_STANDARD = gnu99;
				GCC_NO_COMMON_BLOCKS = YES;
				GCC_WARN_64_TO_32_BIT_CONVERSION = YES;
				GCC_WARN_ABOUT_RETURN_TYPE = YES_ERROR;
				GCC_WARN_UNDECLARED_SELECTOR = YES;
				GCC_WARN_UNINITIALIZED_AUTOS = YES_AGGRESSIVE;
				GCC_WARN_UNUSED_FUNCTION = YES;
				GCC_WARN_UNUSED_VARIABLE = YES;
				IPHONEOS_DEPLOYMENT_TARGET = 8.4;
				MTL_ENABLE_DEBUG_INFO = NO;
				SDKROOT = iphoneos;
				VALIDATE_PRODUCT = YES;
			};
			name = Release;
		};
		AB6F2C791BD2CC8000A819F7 /* Debug */ = {
			isa = XCBuildConfiguration;
			buildSettings = {
				ASSETCATALOG_COMPILER_APPICON_NAME = AppIcon;
				INFOPLIST_FILE = GoogleHackathon/Info.plist;
				LD_RUNPATH_SEARCH_PATHS = "$(inherited) @executable_path/Frameworks";
				PRODUCT_NAME = "$(TARGET_NAME)";
			};
			name = Debug;
		};
		AB6F2C7A1BD2CC8000A819F7 /* Release */ = {
			isa = XCBuildConfiguration;
			buildSettings = {
				ASSETCATALOG_COMPILER_APPICON_NAME = AppIcon;
				INFOPLIST_FILE = GoogleHackathon/Info.plist;
				LD_RUNPATH_SEARCH_PATHS = "$(inherited) @executable_path/Frameworks";
				PRODUCT_NAME = "$(TARGET_NAME)";
			};
			name = Release;
		};
		AB6F2C7C1BD2CC8000A819F7 /* Debug */ = {
			isa = XCBuildConfiguration;
			buildSettings = {
				BUNDLE_LOADER = "$(TEST_HOST)";
				FRAMEWORK_SEARCH_PATHS = (
					"$(SDKROOT)/Developer/Library/Frameworks",
					"$(inherited)",
				);
				GCC_PREPROCESSOR_DEFINITIONS = (
					"DEBUG=1",
					"$(inherited)",
				);
				INFOPLIST_FILE = GoogleHackathonTests/Info.plist;
				LD_RUNPATH_SEARCH_PATHS = "$(inherited) @executable_path/Frameworks @loader_path/Frameworks";
				PRODUCT_NAME = "$(TARGET_NAME)";
				TEST_HOST = "$(BUILT_PRODUCTS_DIR)/GoogleHackathon.app/GoogleHackathon";
			};
			name = Debug;
		};
		AB6F2C7D1BD2CC8000A819F7 /* Release */ = {
			isa = XCBuildConfiguration;
			buildSettings = {
				BUNDLE_LOADER = "$(TEST_HOST)";
				FRAMEWORK_SEARCH_PATHS = (
					"$(SDKROOT)/Developer/Library/Frameworks",
					"$(inherited)",
				);
				INFOPLIST_FILE = GoogleHackathonTests/Info.plist;
				LD_RUNPATH_SEARCH_PATHS = "$(inherited) @executable_path/Frameworks @loader_path/Frameworks";
				PRODUCT_NAME = "$(TARGET_NAME)";
				TEST_HOST = "$(BUILT_PRODUCTS_DIR)/GoogleHackathon.app/GoogleHackathon";
			};
			name = Release;
		};
/* End XCBuildConfiguration section */

/* Begin XCConfigurationList section */
		AB6F2C541BD2CC7F00A819F7 /* Build configuration list for PBXProject "GoogleHackathon" */ = {
			isa = XCConfigurationList;
			buildConfigurations = (
				AB6F2C761BD2CC8000A819F7 /* Debug */,
				AB6F2C771BD2CC8000A819F7 /* Release */,
			);
			defaultConfigurationIsVisible = 0;
			defaultConfigurationName = Release;
		};
		AB6F2C781BD2CC8000A819F7 /* Build configuration list for PBXNativeTarget "GoogleHackathon" */ = {
			isa = XCConfigurationList;
			buildConfigurations = (
				AB6F2C791BD2CC8000A819F7 /* Debug */,
				AB6F2C7A1BD2CC8000A819F7 /* Release */,
			);
			defaultConfigurationIsVisible = 0;
		};
		AB6F2C7B1BD2CC8000A819F7 /* Build configuration list for PBXNativeTarget "GoogleHackathonTests" */ = {
			isa = XCConfigurationList;
			buildConfigurations = (
				AB6F2C7C1BD2CC8000A819F7 /* Debug */,
				AB6F2C7D1BD2CC8000A819F7 /* Release */,
			);
			defaultConfigurationIsVisible = 0;
		};
/* End XCConfigurationList section */
	};
	rootObject = AB6F2C511BD2CC7F00A819F7 /* Project object */;
}
